
Microsoft Visual Studio Solution File, Format Version 12.00
# Visual Studio Version 17
VisualStudioVersion = 17.4.33213.308
MinimumVisualStudioVersion = 10.0.40219.1
Project("{FAE04EC0-301F-11D3-BF4B-00C04F79EFBC}") = "Entra de Dados", "Entra de Dados\Entra de Dados.csproj", "{57B4047F-7D72-4294-8667-4BD335DA0D7A}"
EndProject
Global
	GlobalSection(SolutionConfigurationPlatforms) = preSolution
		Debug|Any CPU = Debug|Any CPU
		Release|Any CPU = Release|Any CPU
	EndGlobalSection
	GlobalSection(ProjectConfigurationPlatforms) = postSolution
		{57B4047F-7D72-4294-8667-4BD335DA0D7A}.Debug|Any CPU.ActiveCfg = Debug|Any CPU
		{57B4047F-7D72-4294-8667-4BD335DA0D7A}.Debug|Any CPU.Build.0 = Debug|Any CPU
		{57B4047F-7D72-4294-8667-4BD335DA0D7A}.Release|Any CPU.ActiveCfg = Release|Any CPU
		{57B4047F-7D72-4294-8667-4BD335DA0D7A}.Release|Any CPU.Build.0 = Release|Any CPU
	EndGlobalSection
	GlobalSection(SolutionProperties) = preSolution
		HideSolutionNode = FALSE
	EndGlobalSection
	GlobalSection(ExtensibilityGlobals) = postSolution
		SolutionGuid = {D0181552-576F-4868-BE30-3404DFA08A86}
	EndGlobalSection
EndGlobal
