
Microsoft Visual Studio Solution File, Format Version 12.00
# Visual Studio Version 17
VisualStudioVersion = 17.4.33213.308
MinimumVisualStudioVersion = 10.0.40219.1
Project("{FAE04EC0-301F-11D3-BF4B-00C04F79EFBC}") = "laço de repetição - break e continue", "laço de repetição - break e continue\laço de repetição - break e continue.csproj", "{9CB13FE8-A7C6-4867-B105-D1441540098F}"
EndProject
Global
	GlobalSection(SolutionConfigurationPlatforms) = preSolution
		Debug|Any CPU = Debug|Any CPU
		Release|Any CPU = Release|Any CPU
	EndGlobalSection
	GlobalSection(ProjectConfigurationPlatforms) = postSolution
		{9CB13FE8-A7C6-4867-B105-D1441540098F}.Debug|Any CPU.ActiveCfg = Debug|Any CPU
		{9CB13FE8-A7C6-4867-B105-D1441540098F}.Debug|Any CPU.Build.0 = Debug|Any CPU
		{9CB13FE8-A7C6-4867-B105-D1441540098F}.Release|Any CPU.ActiveCfg = Release|Any CPU
		{9CB13FE8-A7C6-4867-B105-D1441540098F}.Release|Any CPU.Build.0 = Release|Any CPU
	EndGlobalSection
	GlobalSection(SolutionProperties) = preSolution
		HideSolutionNode = FALSE
	EndGlobalSection
	GlobalSection(ExtensibilityGlobals) = postSolution
		SolutionGuid = {CE98A045-255C-4CCD-9C5F-5C2BD6E3C8F5}
	EndGlobalSection
EndGlobal
