
Microsoft Visual Studio Solution File, Format Version 12.00
# Visual Studio Version 17
VisualStudioVersion = 17.4.33213.308
MinimumVisualStudioVersion = 10.0.40219.1
Project("{FAE04EC0-301F-11D3-BF4B-00C04F79EFBC}") = "Manipular Arquivos", "Manipular Arquivos\Manipular Arquivos.csproj", "{A94EE2AD-2181-4472-BC65-85EEDF57AF84}"
EndProject
Global
	GlobalSection(SolutionConfigurationPlatforms) = preSolution
		Debug|Any CPU = Debug|Any CPU
		Release|Any CPU = Release|Any CPU
	EndGlobalSection
	GlobalSection(ProjectConfigurationPlatforms) = postSolution
		{A94EE2AD-2181-4472-BC65-85EEDF57AF84}.Debug|Any CPU.ActiveCfg = Debug|Any CPU
		{A94EE2AD-2181-4472-BC65-85EEDF57AF84}.Debug|Any CPU.Build.0 = Debug|Any CPU
		{A94EE2AD-2181-4472-BC65-85EEDF57AF84}.Release|Any CPU.ActiveCfg = Release|Any CPU
		{A94EE2AD-2181-4472-BC65-85EEDF57AF84}.Release|Any CPU.Build.0 = Release|Any CPU
	EndGlobalSection
	GlobalSection(SolutionProperties) = preSolution
		HideSolutionNode = FALSE
	EndGlobalSection
	GlobalSection(ExtensibilityGlobals) = postSolution
		SolutionGuid = {7ED82AA0-AE0B-4CEB-BD36-B5523AC96AC1}
	EndGlobalSection
EndGlobal
